
Microsoft Visual Studio Solution File, Format Version 12.00
# Visual Studio 15
VisualStudioVersion = 15.0.27004.2009
MinimumVisualStudioVersion = 10.0.40219.1
Project("{E24C65DC-7377-472B-9ABA-BC803B73C61A}") = "SeminarskiRad", "..\..\WebSites\SeminarskiRad\", "{7D05784A-9EF8-4845-8E1C-92421B280DAB}"
	ProjectSection(WebsiteProperties) = preProject
		TargetFrameworkMoniker = ".NETFramework,Version%3Dv4.6.1"
		Debug.AspNetCompiler.VirtualPath = "/localhost_50529"
		Debug.AspNetCompiler.PhysicalPath = "..\..\WebSites\SeminarskiRad\"
		Debug.AspNetCompiler.TargetPath = "PrecompiledWeb\localhost_50529\"
		Debug.AspNetCompiler.Updateable = "true"
		Debug.AspNetCompiler.ForceOverwrite = "true"
		Debug.AspNetCompiler.FixedNames = "false"
		Debug.AspNetCompiler.Debug = "True"
		Release.AspNetCompiler.VirtualPath = "/localhost_50529"
		Release.AspNetCompiler.PhysicalPath = "..\..\WebSites\SeminarskiRad\"
		Release.AspNetCompiler.TargetPath = "PrecompiledWeb\localhost_50529\"
		Release.AspNetCompiler.Updateable = "true"
		Release.AspNetCompiler.ForceOverwrite = "true"
		Release.AspNetCompiler.FixedNames = "false"
		Release.AspNetCompiler.Debug = "False"
		VWDPort = "50529"
		SlnRelativePath = "..\..\WebSites\SeminarskiRad\"
		DefaultWebSiteLanguage = "Visual C#"
	EndProjectSection
EndProject
Global
	GlobalSection(SolutionConfigurationPlatforms) = preSolution
		Debug|Any CPU = Debug|Any CPU
	EndGlobalSection
	GlobalSection(ProjectConfigurationPlatforms) = postSolution
		{7D05784A-9EF8-4845-8E1C-92421B280DAB}.Debug|Any CPU.ActiveCfg = Debug|Any CPU
		{7D05784A-9EF8-4845-8E1C-92421B280DAB}.Debug|Any CPU.Build.0 = Debug|Any CPU
	EndGlobalSection
	GlobalSection(SolutionProperties) = preSolution
		HideSolutionNode = FALSE
	EndGlobalSection
	GlobalSection(ExtensibilityGlobals) = postSolution
		SolutionGuid = {21A97F00-0572-468E-A816-E36D10BAF9CD}
	EndGlobalSection
EndGlobal
